
Microsoft Visual Studio Solution File, Format Version 12.00
# Visual Studio Version 17
VisualStudioVersion = 17.10.34928.147
MinimumVisualStudioVersion = 10.0.40219.1
Project("{FAE04EC0-301F-11D3-BF4B-00C04F79EFBC}") = "MessagingPattern.Api", "MessagingPattern.Api\MessagingPattern.Api.csproj", "{7D612C47-B41C-4E82-85FA-4157DB84FCF8}"
EndProject
Global
	GlobalSection(SolutionConfigurationPlatforms) = preSolution
		Debug|Any CPU = Debug|Any CPU
		Release|Any CPU = Release|Any CPU
	EndGlobalSection
	GlobalSection(ProjectConfigurationPlatforms) = postSolution
		{7D612C47-B41C-4E82-85FA-4157DB84FCF8}.Debug|Any CPU.ActiveCfg = Debug|Any CPU
		{7D612C47-B41C-4E82-85FA-4157DB84FCF8}.Debug|Any CPU.Build.0 = Debug|Any CPU
		{7D612C47-B41C-4E82-85FA-4157DB84FCF8}.Release|Any CPU.ActiveCfg = Release|Any CPU
		{7D612C47-B41C-4E82-85FA-4157DB84FCF8}.Release|Any CPU.Build.0 = Release|Any CPU
	EndGlobalSection
	GlobalSection(SolutionProperties) = preSolution
		HideSolutionNode = FALSE
	EndGlobalSection
	GlobalSection(ExtensibilityGlobals) = postSolution
		SolutionGuid = {20DBAB8C-EBEF-4B1F-8D7A-F9919E17C18D}
	EndGlobalSection
EndGlobal
